// !$*UTF8*$!
{
	archiveVersion = 1;
	classes = {
	};
	objectVersion = 50;
	objects = {

/* Begin PBXBuildFile section */
		37ADB96FBD8A7A08419132AB /* Pods_ripple_app.framework in Frameworks */ = {isa = PBXBuildFile; fileRef = 849742BD38E57155DC812EB9 /* Pods_ripple_app.framework */; };
		C41760E421CF1BB900B29212 /* ThanksEditorVC.swift in Sources */ = {isa = PBXBuildFile; fileRef = C41760E321CF1BB900B29212 /* ThanksEditorVC.swift */; };
		C41760E621CF1C6C00B29212 /* ThanksVC+Extension.swift in Sources */ = {isa = PBXBuildFile; fileRef = C41760E521CF1C6C00B29212 /* ThanksVC+Extension.swift */; };
		C41760E821CF239200B29212 /* EditorDefaults.swift in Sources */ = {isa = PBXBuildFile; fileRef = C41760E721CF239200B29212 /* EditorDefaults.swift */; };
		C45C5A0521D1C84500E0ABC6 /* TheySaidSoClient.swift in Sources */ = {isa = PBXBuildFile; fileRef = C45C5A0421D1C84500E0ABC6 /* TheySaidSoClient.swift */; };
		C45C5A0721D1CA1A00E0ABC6 /* TheySaidSoConstants.swift in Sources */ = {isa = PBXBuildFile; fileRef = C45C5A0621D1CA1A00E0ABC6 /* TheySaidSoConstants.swift */; };
		C45C5A0921D1CCE400E0ABC6 /* TheySaidSoConvenience.swift in Sources */ = {isa = PBXBuildFile; fileRef = C45C5A0821D1CCE400E0ABC6 /* TheySaidSoConvenience.swift */; };
		C46A342E21B3FA0400C31029 /* FeelingCell.swift in Sources */ = {isa = PBXBuildFile; fileRef = C46A342D21B3FA0400C31029 /* FeelingCell.swift */; };
		C46A343021B3FE0300C31029 /* CheckInVC+CollectionViewExtension.swift in Sources */ = {isa = PBXBuildFile; fileRef = C46A342F21B3FE0300C31029 /* CheckInVC+CollectionViewExtension.swift */; };
		C46F145321CE2B5A00C80533 /* HomeViewController.swift in Sources */ = {isa = PBXBuildFile; fileRef = C46F145221CE2B5A00C80533 /* HomeViewController.swift */; };
		C46F145521CE2BBF00C80533 /* HomeViewController+Extension.swift in Sources */ = {isa = PBXBuildFile; fileRef = C46F145421CE2BBF00C80533 /* HomeViewController+Extension.swift */; };
		C48D684A21CF70D3002AB82B /* HintVC.swift in Sources */ = {isa = PBXBuildFile; fileRef = C48D684921CF70D3002AB82B /* HintVC.swift */; };
		C48D684C21CF71AC002AB82B /* Page.swift in Sources */ = {isa = PBXBuildFile; fileRef = C48D684B21CF71AC002AB82B /* Page.swift */; };
		C48D684E21CF765D002AB82B /* HintVC+Extension.swift in Sources */ = {isa = PBXBuildFile; fileRef = C48D684D21CF765D002AB82B /* HintVC+Extension.swift */; };
		C48D685021CF76F0002AB82B /* HintCell.swift in Sources */ = {isa = PBXBuildFile; fileRef = C48D684F21CF76F0002AB82B /* HintCell.swift */; };
		C4923CE921D32EE500338D7A /* GCDMain.swift in Sources */ = {isa = PBXBuildFile; fileRef = C4923CE821D32EE500338D7A /* GCDMain.swift */; };
		C4A5901D21D08DA60074066F /* CustomTabBarController.swift in Sources */ = {isa = PBXBuildFile; fileRef = C4A5901C21D08DA60074066F /* CustomTabBarController.swift */; };
		C4A5901F21D08E350074066F /* QuoteViewController.swift in Sources */ = {isa = PBXBuildFile; fileRef = C4A5901E21D08E350074066F /* QuoteViewController.swift */; };
		C4A5902121D091030074066F /* QuoteVC+Extension.swift in Sources */ = {isa = PBXBuildFile; fileRef = C4A5902021D091030074066F /* QuoteVC+Extension.swift */; };
		C4A5902321D09B030074066F /* QuoteCell.swift in Sources */ = {isa = PBXBuildFile; fileRef = C4A5902221D09B030074066F /* QuoteCell.swift */; };
		C4A5902521D09FB30074066F /* QuoteVC+CollectionExtension.swift in Sources */ = {isa = PBXBuildFile; fileRef = C4A5902421D09FB30074066F /* QuoteVC+CollectionExtension.swift */; };
		C4B3861721D304FB00405E4C /* Ripple.xcdatamodeld in Sources */ = {isa = PBXBuildFile; fileRef = C4B3861521D304FB00405E4C /* Ripple.xcdatamodeld */; };
		C4B3861921D3062800405E4C /* DataController.swift in Sources */ = {isa = PBXBuildFile; fileRef = C4B3861821D3062800405E4C /* DataController.swift */; };
		C4B9D5EB21B2806A00515E40 /* AppDelegate.swift in Sources */ = {isa = PBXBuildFile; fileRef = C4B9D5EA21B2806A00515E40 /* AppDelegate.swift */; };
		C4B9D5ED21B2806A00515E40 /* CheckInVC.swift in Sources */ = {isa = PBXBuildFile; fileRef = C4B9D5EC21B2806A00515E40 /* CheckInVC.swift */; };
		C4B9D5F221B2806A00515E40 /* Assets.xcassets in Resources */ = {isa = PBXBuildFile; fileRef = C4B9D5F121B2806A00515E40 /* Assets.xcassets */; };
		C4B9D5F521B2806A00515E40 /* LaunchScreen.storyboard in Resources */ = {isa = PBXBuildFile; fileRef = C4B9D5F321B2806A00515E40 /* LaunchScreen.storyboard */; };
		C4B9D5FD21B2841B00515E40 /* CheckInVC+Extensions.swift in Sources */ = {isa = PBXBuildFile; fileRef = C4B9D5FC21B2841B00515E40 /* CheckInVC+Extensions.swift */; };
		C4B9D60121B28C7A00515E40 /* UIColor+Extensions.swift in Sources */ = {isa = PBXBuildFile; fileRef = C4B9D60021B28C7A00515E40 /* UIColor+Extensions.swift */; };
		C4B9D60321B2920200515E40 /* UIView+Extensions.swift in Sources */ = {isa = PBXBuildFile; fileRef = C4B9D60221B2920200515E40 /* UIView+Extensions.swift */; };
		C4E4169321D90421006EC8D2 /* ActivityCell.swift in Sources */ = {isa = PBXBuildFile; fileRef = C4E4169221D90421006EC8D2 /* ActivityCell.swift */; };
		C4E4169521D90745006EC8D2 /* ActivityVC+CollectionExtension.swift in Sources */ = {isa = PBXBuildFile; fileRef = C4E4169421D90745006EC8D2 /* ActivityVC+CollectionExtension.swift */; };
		C4E460FB21D34E02007081FC /* ActivityViewController.swift in Sources */ = {isa = PBXBuildFile; fileRef = C4E460FA21D34E02007081FC /* ActivityViewController.swift */; };
		C4E4610221D34EA4007081FC /* ActivityVC+Extension.swift in Sources */ = {isa = PBXBuildFile; fileRef = C4E4610121D34EA4007081FC /* ActivityVC+Extension.swift */; };
/* End PBXBuildFile section */

/* Begin PBXFileReference section */
		64628FC7922314EBB0E74393 /* Pods-ripple-app.release.xcconfig */ = {isa = PBXFileReference; includeInIndex = 1; lastKnownFileType = text.xcconfig; name = "Pods-ripple-app.release.xcconfig"; path = "Pods/Target Support Files/Pods-ripple-app/Pods-ripple-app.release.xcconfig"; sourceTree = "<group>"; };
		849742BD38E57155DC812EB9 /* Pods_ripple_app.framework */ = {isa = PBXFileReference; explicitFileType = wrapper.framework; includeInIndex = 0; path = Pods_ripple_app.framework; sourceTree = BUILT_PRODUCTS_DIR; };
		B994FA87B8A3E71A28FE048C /* Pods-ripple-app.debug.xcconfig */ = {isa = PBXFileReference; includeInIndex = 1; lastKnownFileType = text.xcconfig; name = "Pods-ripple-app.debug.xcconfig"; path = "Pods/Target Support Files/Pods-ripple-app/Pods-ripple-app.debug.xcconfig"; sourceTree = "<group>"; };
		C41760E321CF1BB900B29212 /* ThanksEditorVC.swift */ = {isa = PBXFileReference; lastKnownFileType = sourcecode.swift; path = ThanksEditorVC.swift; sourceTree = "<group>"; };
		C41760E521CF1C6C00B29212 /* ThanksVC+Extension.swift */ = {isa = PBXFileReference; lastKnownFileType = sourcecode.swift; path = "ThanksVC+Extension.swift"; sourceTree = "<group>"; };
		C41760E721CF239200B29212 /* EditorDefaults.swift */ = {isa = PBXFileReference; lastKnownFileType = sourcecode.swift; path = EditorDefaults.swift; sourceTree = "<group>"; };
		C45C5A0421D1C84500E0ABC6 /* TheySaidSoClient.swift */ = {isa = PBXFileReference; lastKnownFileType = sourcecode.swift; path = TheySaidSoClient.swift; sourceTree = "<group>"; };
		C45C5A0621D1CA1A00E0ABC6 /* TheySaidSoConstants.swift */ = {isa = PBXFileReference; lastKnownFileType = sourcecode.swift; path = TheySaidSoConstants.swift; sourceTree = "<group>"; };
		C45C5A0821D1CCE400E0ABC6 /* TheySaidSoConvenience.swift */ = {isa = PBXFileReference; lastKnownFileType = sourcecode.swift; path = TheySaidSoConvenience.swift; sourceTree = "<group>"; };
		C46A342D21B3FA0400C31029 /* FeelingCell.swift */ = {isa = PBXFileReference; lastKnownFileType = sourcecode.swift; path = FeelingCell.swift; sourceTree = "<group>"; };
		C46A342F21B3FE0300C31029 /* CheckInVC+CollectionViewExtension.swift */ = {isa = PBXFileReference; lastKnownFileType = sourcecode.swift; path = "CheckInVC+CollectionViewExtension.swift"; sourceTree = "<group>"; };
		C46F145221CE2B5A00C80533 /* HomeViewController.swift */ = {isa = PBXFileReference; lastKnownFileType = sourcecode.swift; path = HomeViewController.swift; sourceTree = "<group>"; };
		C46F145421CE2BBF00C80533 /* HomeViewController+Extension.swift */ = {isa = PBXFileReference; lastKnownFileType = sourcecode.swift; path = "HomeViewController+Extension.swift"; sourceTree = "<group>"; };
		C48D684921CF70D3002AB82B /* HintVC.swift */ = {isa = PBXFileReference; lastKnownFileType = sourcecode.swift; path = HintVC.swift; sourceTree = "<group>"; };
		C48D684B21CF71AC002AB82B /* Page.swift */ = {isa = PBXFileReference; lastKnownFileType = sourcecode.swift; path = Page.swift; sourceTree = "<group>"; };
		C48D684D21CF765D002AB82B /* HintVC+Extension.swift */ = {isa = PBXFileReference; lastKnownFileType = sourcecode.swift; path = "HintVC+Extension.swift"; sourceTree = "<group>"; };
		C48D684F21CF76F0002AB82B /* HintCell.swift */ = {isa = PBXFileReference; lastKnownFileType = sourcecode.swift; path = HintCell.swift; sourceTree = "<group>"; };
		C4923CE821D32EE500338D7A /* GCDMain.swift */ = {isa = PBXFileReference; lastKnownFileType = sourcecode.swift; path = GCDMain.swift; sourceTree = "<group>"; };
		C4A5901C21D08DA60074066F /* CustomTabBarController.swift */ = {isa = PBXFileReference; lastKnownFileType = sourcecode.swift; path = CustomTabBarController.swift; sourceTree = "<group>"; };
		C4A5901E21D08E350074066F /* QuoteViewController.swift */ = {isa = PBXFileReference; lastKnownFileType = sourcecode.swift; path = QuoteViewController.swift; sourceTree = "<group>"; };
		C4A5902021D091030074066F /* QuoteVC+Extension.swift */ = {isa = PBXFileReference; lastKnownFileType = sourcecode.swift; path = "QuoteVC+Extension.swift"; sourceTree = "<group>"; };
		C4A5902221D09B030074066F /* QuoteCell.swift */ = {isa = PBXFileReference; lastKnownFileType = sourcecode.swift; path = QuoteCell.swift; sourceTree = "<group>"; };
		C4A5902421D09FB30074066F /* QuoteVC+CollectionExtension.swift */ = {isa = PBXFileReference; lastKnownFileType = sourcecode.swift; path = "QuoteVC+CollectionExtension.swift"; sourceTree = "<group>"; };
		C4B3861621D304FB00405E4C /* Ripple.xcdatamodel */ = {isa = PBXFileReference; lastKnownFileType = wrapper.xcdatamodel; path = Ripple.xcdatamodel; sourceTree = "<group>"; };
		C4B3861821D3062800405E4C /* DataController.swift */ = {isa = PBXFileReference; lastKnownFileType = sourcecode.swift; path = DataController.swift; sourceTree = "<group>"; };
		C4B9D5E721B2806A00515E40 /* ripple-app.app */ = {isa = PBXFileReference; explicitFileType = wrapper.application; includeInIndex = 0; path = "ripple-app.app"; sourceTree = BUILT_PRODUCTS_DIR; };
		C4B9D5EA21B2806A00515E40 /* AppDelegate.swift */ = {isa = PBXFileReference; lastKnownFileType = sourcecode.swift; path = AppDelegate.swift; sourceTree = "<group>"; };
		C4B9D5EC21B2806A00515E40 /* CheckInVC.swift */ = {isa = PBXFileReference; lastKnownFileType = sourcecode.swift; path = CheckInVC.swift; sourceTree = "<group>"; };
		C4B9D5F121B2806A00515E40 /* Assets.xcassets */ = {isa = PBXFileReference; lastKnownFileType = folder.assetcatalog; path = Assets.xcassets; sourceTree = "<group>"; };
		C4B9D5F421B2806A00515E40 /* Base */ = {isa = PBXFileReference; lastKnownFileType = file.storyboard; name = Base; path = Base.lproj/LaunchScreen.storyboard; sourceTree = "<group>"; };
		C4B9D5F621B2806A00515E40 /* Info.plist */ = {isa = PBXFileReference; lastKnownFileType = text.plist.xml; path = Info.plist; sourceTree = "<group>"; };
		C4B9D5FC21B2841B00515E40 /* CheckInVC+Extensions.swift */ = {isa = PBXFileReference; lastKnownFileType = sourcecode.swift; path = "CheckInVC+Extensions.swift"; sourceTree = "<group>"; };
		C4B9D60021B28C7A00515E40 /* UIColor+Extensions.swift */ = {isa = PBXFileReference; lastKnownFileType = sourcecode.swift; path = "UIColor+Extensions.swift"; sourceTree = "<group>"; };
		C4B9D60221B2920200515E40 /* UIView+Extensions.swift */ = {isa = PBXFileReference; lastKnownFileType = sourcecode.swift; path = "UIView+Extensions.swift"; sourceTree = "<group>"; };
		C4E4169221D90421006EC8D2 /* ActivityCell.swift */ = {isa = PBXFileReference; lastKnownFileType = sourcecode.swift; path = ActivityCell.swift; sourceTree = "<group>"; };
		C4E4169421D90745006EC8D2 /* ActivityVC+CollectionExtension.swift */ = {isa = PBXFileReference; lastKnownFileType = sourcecode.swift; path = "ActivityVC+CollectionExtension.swift"; sourceTree = "<group>"; };
		C4E460FA21D34E02007081FC /* ActivityViewController.swift */ = {isa = PBXFileReference; lastKnownFileType = sourcecode.swift; path = ActivityViewController.swift; sourceTree = "<group>"; };
		C4E4610121D34EA4007081FC /* ActivityVC+Extension.swift */ = {isa = PBXFileReference; lastKnownFileType = sourcecode.swift; path = "ActivityVC+Extension.swift"; sourceTree = "<group>"; };
/* End PBXFileReference section */

/* Begin PBXFrameworksBuildPhase section */
		C4B9D5E421B2806A00515E40 /* Frameworks */ = {
			isa = PBXFrameworksBuildPhase;
			buildActionMask = 2147483647;
			files = (
				37ADB96FBD8A7A08419132AB /* Pods_ripple_app.framework in Frameworks */,
			);
			runOnlyForDeploymentPostprocessing = 0;
		};
/* End PBXFrameworksBuildPhase section */

/* Begin PBXGroup section */
		1FCB716F9FA4637AC7B7F06B /* Frameworks */ = {
			isa = PBXGroup;
			children = (
				849742BD38E57155DC812EB9 /* Pods_ripple_app.framework */,
			);
			name = Frameworks;
			sourceTree = "<group>";
		};
		223DB6786511B36C5976E25B /* Pods */ = {
			isa = PBXGroup;
			children = (
				B994FA87B8A3E71A28FE048C /* Pods-ripple-app.debug.xcconfig */,
				64628FC7922314EBB0E74393 /* Pods-ripple-app.release.xcconfig */,
			);
			name = Pods;
			sourceTree = "<group>";
		};
		C42A330421B5698200820AC7 /* View */ = {
			isa = PBXGroup;
			children = (
				C46A342D21B3FA0400C31029 /* FeelingCell.swift */,
				C4A5902221D09B030074066F /* QuoteCell.swift */,
				C4E4169221D90421006EC8D2 /* ActivityCell.swift */,
				C48D684F21CF76F0002AB82B /* HintCell.swift */,
			);
			path = View;
			sourceTree = "<group>";
		};
		C42A330521B5698A00820AC7 /* View Controller */ = {
			isa = PBXGroup;
			children = (
				C4B9D5EC21B2806A00515E40 /* CheckInVC.swift */,
				C4A5901C21D08DA60074066F /* CustomTabBarController.swift */,
				C46F145221CE2B5A00C80533 /* HomeViewController.swift */,
				C4A5901E21D08E350074066F /* QuoteViewController.swift */,
				C4E460FA21D34E02007081FC /* ActivityViewController.swift */,
				C41760E321CF1BB900B29212 /* ThanksEditorVC.swift */,
				C48D684921CF70D3002AB82B /* HintVC.swift */,
			);
			path = "View Controller";
			sourceTree = "<group>";
		};
		C42A330621B569B100820AC7 /* Model */ = {
			isa = PBXGroup;
			children = (
				C4923CE721D32ECD00338D7A /* GCD */,
				C41760E721CF239200B29212 /* EditorDefaults.swift */,
				C48D684B21CF71AC002AB82B /* Page.swift */,
				C4B3861521D304FB00405E4C /* Ripple.xcdatamodeld */,
				C4B3861821D3062800405E4C /* DataController.swift */,
			);
			path = Model;
			sourceTree = "<group>";
		};
		C42A330721B569C000820AC7 /* Support */ = {
			isa = PBXGroup;
			children = (
				C4B9D5EA21B2806A00515E40 /* AppDelegate.swift */,
				C4E460FC21D34E47007081FC /* CheckInVC */,
				C4E460FE21D34E6E007081FC /* HomeVC */,
				C4E460FF21D34E7A007081FC /* QuoteVC */,
				C41760E521CF1C6C00B29212 /* ThanksVC+Extension.swift */,
				C4E4610021D34E91007081FC /* ActivityVC */,
				C48D684D21CF765D002AB82B /* HintVC+Extension.swift */,
				C4B9D60021B28C7A00515E40 /* UIColor+Extensions.swift */,
				C4B9D60221B2920200515E40 /* UIView+Extensions.swift */,
			);
			path = Support;
			sourceTree = "<group>";
		};
		C45C5A0321D1C81600E0ABC6 /* TheySaidSo Client */ = {
			isa = PBXGroup;
			children = (
				C45C5A0421D1C84500E0ABC6 /* TheySaidSoClient.swift */,
				C45C5A0621D1CA1A00E0ABC6 /* TheySaidSoConstants.swift */,
				C45C5A0821D1CCE400E0ABC6 /* TheySaidSoConvenience.swift */,
			);
			path = "TheySaidSo Client";
			sourceTree = "<group>";
		};
		C4923CE721D32ECD00338D7A /* GCD */ = {
			isa = PBXGroup;
			children = (
				C4923CE821D32EE500338D7A /* GCDMain.swift */,
			);
			path = GCD;
			sourceTree = "<group>";
		};
		C4B9D5DE21B2806900515E40 = {
			isa = PBXGroup;
			children = (
				C4B9D5E921B2806A00515E40 /* ripple-app */,
				C4B9D5E821B2806A00515E40 /* Products */,
				223DB6786511B36C5976E25B /* Pods */,
				1FCB716F9FA4637AC7B7F06B /* Frameworks */,
			);
			sourceTree = "<group>";
		};
		C4B9D5E821B2806A00515E40 /* Products */ = {
			isa = PBXGroup;
			children = (
				C4B9D5E721B2806A00515E40 /* ripple-app.app */,
			);
			name = Products;
			sourceTree = "<group>";
		};
		C4B9D5E921B2806A00515E40 /* ripple-app */ = {
			isa = PBXGroup;
			children = (
				C42A330621B569B100820AC7 /* Model */,
				C42A330421B5698200820AC7 /* View */,
				C42A330521B5698A00820AC7 /* View Controller */,
				C45C5A0321D1C81600E0ABC6 /* TheySaidSo Client */,
				C42A330721B569C000820AC7 /* Support */,
				C4B9D5F121B2806A00515E40 /* Assets.xcassets */,
				C4B9D5F321B2806A00515E40 /* LaunchScreen.storyboard */,
				C4B9D5F621B2806A00515E40 /* Info.plist */,
			);
			path = "ripple-app";
			sourceTree = "<group>";
		};
		C4E460FC21D34E47007081FC /* CheckInVC */ = {
			isa = PBXGroup;
			children = (
				C4B9D5FC21B2841B00515E40 /* CheckInVC+Extensions.swift */,
				C46A342F21B3FE0300C31029 /* CheckInVC+CollectionViewExtension.swift */,
			);
			path = CheckInVC;
			sourceTree = "<group>";
		};
		C4E460FE21D34E6E007081FC /* HomeVC */ = {
			isa = PBXGroup;
			children = (
				C46F145421CE2BBF00C80533 /* HomeViewController+Extension.swift */,
			);
			path = HomeVC;
			sourceTree = "<group>";
		};
		C4E460FF21D34E7A007081FC /* QuoteVC */ = {
			isa = PBXGroup;
			children = (
				C4A5902021D091030074066F /* QuoteVC+Extension.swift */,
				C4A5902421D09FB30074066F /* QuoteVC+CollectionExtension.swift */,
			);
			path = QuoteVC;
			sourceTree = "<group>";
		};
		C4E4610021D34E91007081FC /* ActivityVC */ = {
			isa = PBXGroup;
			children = (
				C4E4610121D34EA4007081FC /* ActivityVC+Extension.swift */,
				C4E4169421D90745006EC8D2 /* ActivityVC+CollectionExtension.swift */,
			);
			path = ActivityVC;
			sourceTree = "<group>";
		};
/* End PBXGroup section */

/* Begin PBXNativeTarget section */
		C4B9D5E621B2806A00515E40 /* ripple-app */ = {
			isa = PBXNativeTarget;
			buildConfigurationList = C4B9D5F921B2806A00515E40 /* Build configuration list for PBXNativeTarget "ripple-app" */;
			buildPhases = (
				E3BAC067E794195CE6F60738 /* [CP] Check Pods Manifest.lock */,
				C4B9D5E321B2806A00515E40 /* Sources */,
				C4B9D5E421B2806A00515E40 /* Frameworks */,
				C4B9D5E521B2806A00515E40 /* Resources */,
				1B039CF0D750F02570026AAB /* [CP] Embed Pods Frameworks */,
			);
			buildRules = (
			);
			dependencies = (
			);
			name = "ripple-app";
			productName = "ripple-app";
			productReference = C4B9D5E721B2806A00515E40 /* ripple-app.app */;
			productType = "com.apple.product-type.application";
		};
/* End PBXNativeTarget section */

/* Begin PBXProject section */
		C4B9D5DF21B2806900515E40 /* Project object */ = {
			isa = PBXProject;
			attributes = {
				LastSwiftUpdateCheck = 1010;
				LastUpgradeCheck = 1010;
				ORGANIZATIONNAME = "Tim Ng";
				TargetAttributes = {
					C4B9D5E621B2806A00515E40 = {
						CreatedOnToolsVersion = 10.1;
					};
				};
			};
			buildConfigurationList = C4B9D5E221B2806900515E40 /* Build configuration list for PBXProject "ripple-app" */;
			compatibilityVersion = "Xcode 9.3";
			developmentRegion = en;
			hasScannedForEncodings = 0;
			knownRegions = (
				en,
				Base,
			);
			mainGroup = C4B9D5DE21B2806900515E40;
			productRefGroup = C4B9D5E821B2806A00515E40 /* Products */;
			projectDirPath = "";
			projectRoot = "";
			targets = (
				C4B9D5E621B2806A00515E40 /* ripple-app */,
			);
		};
/* End PBXProject section */

/* Begin PBXResourcesBuildPhase section */
		C4B9D5E521B2806A00515E40 /* Resources */ = {
			isa = PBXResourcesBuildPhase;
			buildActionMask = 2147483647;
			files = (
				C4B9D5F521B2806A00515E40 /* LaunchScreen.storyboard in Resources */,
				C4B9D5F221B2806A00515E40 /* Assets.xcassets in Resources */,
			);
			runOnlyForDeploymentPostprocessing = 0;
		};
/* End PBXResourcesBuildPhase section */

/* Begin PBXShellScriptBuildPhase section */
		1B039CF0D750F02570026AAB /* [CP] Embed Pods Frameworks */ = {
			isa = PBXShellScriptBuildPhase;
			buildActionMask = 2147483647;
			files = (
			);
			inputFileListPaths = (
			);
			inputPaths = (
				"${SRCROOT}/Pods/Target Support Files/Pods-ripple-app/Pods-ripple-app-frameworks.sh",
				"${BUILT_PRODUCTS_DIR}/Keys/Keys.framework",
			);
			name = "[CP] Embed Pods Frameworks";
			outputFileListPaths = (
			);
			outputPaths = (
				"${TARGET_BUILD_DIR}/${FRAMEWORKS_FOLDER_PATH}/Keys.framework",
			);
			runOnlyForDeploymentPostprocessing = 0;
			shellPath = /bin/sh;
			shellScript = "\"${SRCROOT}/Pods/Target Support Files/Pods-ripple-app/Pods-ripple-app-frameworks.sh\"\n";
			showEnvVarsInLog = 0;
		};
		E3BAC067E794195CE6F60738 /* [CP] Check Pods Manifest.lock */ = {
			isa = PBXShellScriptBuildPhase;
			buildActionMask = 2147483647;
			files = (
			);
			inputFileListPaths = (
			);
			inputPaths = (
				"${PODS_PODFILE_DIR_PATH}/Podfile.lock",
				"${PODS_ROOT}/Manifest.lock",
			);
			name = "[CP] Check Pods Manifest.lock";
			outputFileListPaths = (
			);
			outputPaths = (
				"$(DERIVED_FILE_DIR)/Pods-ripple-app-checkManifestLockResult.txt",
			);
			runOnlyForDeploymentPostprocessing = 0;
			shellPath = /bin/sh;
			shellScript = "diff \"${PODS_PODFILE_DIR_PATH}/Podfile.lock\" \"${PODS_ROOT}/Manifest.lock\" > /dev/null\nif [ $? != 0 ] ; then\n    # print error to STDERR\n    echo \"error: The sandbox is not in sync with the Podfile.lock. Run 'pod install' or update your CocoaPods installation.\" >&2\n    exit 1\nfi\n# This output is used by Xcode 'outputs' to avoid re-running this script phase.\necho \"SUCCESS\" > \"${SCRIPT_OUTPUT_FILE_0}\"\n";
			showEnvVarsInLog = 0;
		};
/* End PBXShellScriptBuildPhase section */

/* Begin PBXSourcesBuildPhase section */
		C4B9D5E321B2806A00515E40 /* Sources */ = {
			isa = PBXSourcesBuildPhase;
			buildActionMask = 2147483647;
			files = (
				C48D684E21CF765D002AB82B /* HintVC+Extension.swift in Sources */,
				C4923CE921D32EE500338D7A /* GCDMain.swift in Sources */,
				C4B3861921D3062800405E4C /* DataController.swift in Sources */,
				C41760E821CF239200B29212 /* EditorDefaults.swift in Sources */,
				C4A5902521D09FB30074066F /* QuoteVC+CollectionExtension.swift in Sources */,
				C46F145321CE2B5A00C80533 /* HomeViewController.swift in Sources */,
				C45C5A0521D1C84500E0ABC6 /* TheySaidSoClient.swift in Sources */,
				C45C5A0721D1CA1A00E0ABC6 /* TheySaidSoConstants.swift in Sources */,
				C48D685021CF76F0002AB82B /* HintCell.swift in Sources */,
				C46A342E21B3FA0400C31029 /* FeelingCell.swift in Sources */,
				C4B9D5ED21B2806A00515E40 /* CheckInVC.swift in Sources */,
				C4B9D5FD21B2841B00515E40 /* CheckInVC+Extensions.swift in Sources */,
				C4B9D60321B2920200515E40 /* UIView+Extensions.swift in Sources */,
				C4B9D5EB21B2806A00515E40 /* AppDelegate.swift in Sources */,
				C4E4169321D90421006EC8D2 /* ActivityCell.swift in Sources */,
				C48D684C21CF71AC002AB82B /* Page.swift in Sources */,
				C41760E621CF1C6C00B29212 /* ThanksVC+Extension.swift in Sources */,
				C4E460FB21D34E02007081FC /* ActivityViewController.swift in Sources */,
				C41760E421CF1BB900B29212 /* ThanksEditorVC.swift in Sources */,
				C4E4169521D90745006EC8D2 /* ActivityVC+CollectionExtension.swift in Sources */,
				C46A343021B3FE0300C31029 /* CheckInVC+CollectionViewExtension.swift in Sources */,
				C4A5901D21D08DA60074066F /* CustomTabBarController.swift in Sources */,
				C4A5902321D09B030074066F /* QuoteCell.swift in Sources */,
				C4A5901F21D08E350074066F /* QuoteViewController.swift in Sources */,
				C4E4610221D34EA4007081FC /* ActivityVC+Extension.swift in Sources */,
				C48D684A21CF70D3002AB82B /* HintVC.swift in Sources */,
				C45C5A0921D1CCE400E0ABC6 /* TheySaidSoConvenience.swift in Sources */,
				C4B3861721D304FB00405E4C /* Ripple.xcdatamodeld in Sources */,
				C4B9D60121B28C7A00515E40 /* UIColor+Extensions.swift in Sources */,
				C46F145521CE2BBF00C80533 /* HomeViewController+Extension.swift in Sources */,
				C4A5902121D091030074066F /* QuoteVC+Extension.swift in Sources */,
			);
			runOnlyForDeploymentPostprocessing = 0;
		};
/* End PBXSourcesBuildPhase section */

/* Begin PBXVariantGroup section */
		C4B9D5F321B2806A00515E40 /* LaunchScreen.storyboard */ = {
			isa = PBXVariantGroup;
			children = (
				C4B9D5F421B2806A00515E40 /* Base */,
			);
			name = LaunchScreen.storyboard;
			sourceTree = "<group>";
		};
/* End PBXVariantGroup section */

/* Begin XCBuildConfiguration section */
		C4B9D5F721B2806A00515E40 /* Debug */ = {
			isa = XCBuildConfiguration;
			buildSettings = {
				ALWAYS_SEARCH_USER_PATHS = NO;
				CLANG_ANALYZER_NONNULL = YES;
				CLANG_ANALYZER_NUMBER_OBJECT_CONVERSION = YES_AGGRESSIVE;
				CLANG_CXX_LANGUAGE_STANDARD = "gnu++14";
				CLANG_CXX_LIBRARY = "libc++";
				CLANG_ENABLE_MODULES = YES;
				CLANG_ENABLE_OBJC_ARC = YES;
				CLANG_ENABLE_OBJC_WEAK = YES;
				CLANG_WARN_BLOCK_CAPTURE_AUTORELEASING = YES;
				CLANG_WARN_BOOL_CONVERSION = YES;
				CLANG_WARN_COMMA = YES;
				CLANG_WARN_CONSTANT_CONVERSION = YES;
				CLANG_WARN_DEPRECATED_OBJC_IMPLEMENTATIONS = YES;
				CLANG_WARN_DIRECT_OBJC_ISA_USAGE = YES_ERROR;
				CLANG_WARN_DOCUMENTATION_COMMENTS = YES;
				CLANG_WARN_EMPTY_BODY = YES;
				CLANG_WARN_ENUM_CONVERSION = YES;
				CLANG_WARN_INFINITE_RECURSION = YES;
				CLANG_WARN_INT_CONVERSION = YES;
				CLANG_WARN_NON_LITERAL_NULL_CONVERSION = YES;
				CLANG_WARN_OBJC_IMPLICIT_RETAIN_SELF = YES;
				CLANG_WARN_OBJC_LITERAL_CONVERSION = YES;
				CLANG_WARN_OBJC_ROOT_CLASS = YES_ERROR;
				CLANG_WARN_RANGE_LOOP_ANALYSIS = YES;
				CLANG_WARN_STRICT_PROTOTYPES = YES;
				CLANG_WARN_SUSPICIOUS_MOVE = YES;
				CLANG_WARN_UNGUARDED_AVAILABILITY = YES_AGGRESSIVE;
				CLANG_WARN_UNREACHABLE_CODE = YES;
				CLANG_WARN__DUPLICATE_METHOD_MATCH = YES;
				CODE_SIGN_IDENTITY = "iPhone Developer";
				COPY_PHASE_STRIP = NO;
				DEBUG_INFORMATION_FORMAT = dwarf;
				ENABLE_STRICT_OBJC_MSGSEND = YES;
				ENABLE_TESTABILITY = YES;
				GCC_C_LANGUAGE_STANDARD = gnu11;
				GCC_DYNAMIC_NO_PIC = NO;
				GCC_NO_COMMON_BLOCKS = YES;
				GCC_OPTIMIZATION_LEVEL = 0;
				GCC_PREPROCESSOR_DEFINITIONS = (
					"DEBUG=1",
					"$(inherited)",
				);
				GCC_WARN_64_TO_32_BIT_CONVERSION = YES;
				GCC_WARN_ABOUT_RETURN_TYPE = YES_ERROR;
				GCC_WARN_UNDECLARED_SELECTOR = YES;
				GCC_WARN_UNINITIALIZED_AUTOS = YES_AGGRESSIVE;
				GCC_WARN_UNUSED_FUNCTION = YES;
				GCC_WARN_UNUSED_VARIABLE = YES;
				IPHONEOS_DEPLOYMENT_TARGET = 12.1;
				MTL_ENABLE_DEBUG_INFO = INCLUDE_SOURCE;
				MTL_FAST_MATH = YES;
				ONLY_ACTIVE_ARCH = YES;
				SDKROOT = iphoneos;
				SWIFT_ACTIVE_COMPILATION_CONDITIONS = DEBUG;
				SWIFT_OPTIMIZATION_LEVEL = "-Onone";
			};
			name = Debug;
		};
		C4B9D5F821B2806A00515E40 /* Release */ = {
			isa = XCBuildConfiguration;
			buildSettings = {
				ALWAYS_SEARCH_USER_PATHS = NO;
				CLANG_ANALYZER_NONNULL = YES;
				CLANG_ANALYZER_NUMBER_OBJECT_CONVERSION = YES_AGGRESSIVE;
				CLANG_CXX_LANGUAGE_STANDARD = "gnu++14";
				CLANG_CXX_LIBRARY = "libc++";
				CLANG_ENABLE_MODULES = YES;
				CLANG_ENABLE_OBJC_ARC = YES;
				CLANG_ENABLE_OBJC_WEAK = YES;
				CLANG_WARN_BLOCK_CAPTURE_AUTORELEASING = YES;
				CLANG_WARN_BOOL_CONVERSION = YES;
				CLANG_WARN_COMMA = YES;
				CLANG_WARN_CONSTANT_CONVERSION = YES;
				CLANG_WARN_DEPRECATED_OBJC_IMPLEMENTATIONS = YES;
				CLANG_WARN_DIRECT_OBJC_ISA_USAGE = YES_ERROR;
				CLANG_WARN_DOCUMENTATION_COMMENTS = YES;
				CLANG_WARN_EMPTY_BODY = YES;
				CLANG_WARN_ENUM_CONVERSION = YES;
				CLANG_WARN_INFINITE_RECURSION = YES;
				CLANG_WARN_INT_CONVERSION = YES;
				CLANG_WARN_NON_LITERAL_NULL_CONVERSION = YES;
				CLANG_WARN_OBJC_IMPLICIT_RETAIN_SELF = YES;
				CLANG_WARN_OBJC_LITERAL_CONVERSION = YES;
				CLANG_WARN_OBJC_ROOT_CLASS = YES_ERROR;
				CLANG_WARN_RANGE_LOOP_ANALYSIS = YES;
				CLANG_WARN_STRICT_PROTOTYPES = YES;
				CLANG_WARN_SUSPICIOUS_MOVE = YES;
				CLANG_WARN_UNGUARDED_AVAILABILITY = YES_AGGRESSIVE;
				CLANG_WARN_UNREACHABLE_CODE = YES;
				CLANG_WARN__DUPLICATE_METHOD_MATCH = YES;
				CODE_SIGN_IDENTITY = "iPhone Developer";
				COPY_PHASE_STRIP = NO;
				DEBUG_INFORMATION_FORMAT = "dwarf-with-dsym";
				ENABLE_NS_ASSERTIONS = NO;
				ENABLE_STRICT_OBJC_MSGSEND = YES;
				GCC_C_LANGUAGE_STANDARD = gnu11;
				GCC_NO_COMMON_BLOCKS = YES;
				GCC_WARN_64_TO_32_BIT_CONVERSION = YES;
				GCC_WARN_ABOUT_RETURN_TYPE = YES_ERROR;
				GCC_WARN_UNDECLARED_SELECTOR = YES;
				GCC_WARN_UNINITIALIZED_AUTOS = YES_AGGRESSIVE;
				GCC_WARN_UNUSED_FUNCTION = YES;
				GCC_WARN_UNUSED_VARIABLE = YES;
				IPHONEOS_DEPLOYMENT_TARGET = 12.1;
				MTL_ENABLE_DEBUG_INFO = NO;
				MTL_FAST_MATH = YES;
				SDKROOT = iphoneos;
				SWIFT_COMPILATION_MODE = wholemodule;
				SWIFT_OPTIMIZATION_LEVEL = "-O";
				VALIDATE_PRODUCT = YES;
			};
			name = Release;
		};
		C4B9D5FA21B2806A00515E40 /* Debug */ = {
			isa = XCBuildConfiguration;
			baseConfigurationReference = B994FA87B8A3E71A28FE048C /* Pods-ripple-app.debug.xcconfig */;
			buildSettings = {
				ASSETCATALOG_COMPILER_APPICON_NAME = AppIcon;
				CODE_SIGN_STYLE = Automatic;
				DEVELOPMENT_TEAM = 8FEPG5HWR5;
				INFOPLIST_FILE = "ripple-app/Info.plist";
				IPHONEOS_DEPLOYMENT_TARGET = 11.3;
				LD_RUNPATH_SEARCH_PATHS = (
					"$(inherited)",
					"@executable_path/Frameworks",
				);
				PRODUCT_BUNDLE_IDENTIFIER = com.timothyng.ripple;
				PRODUCT_NAME = "$(TARGET_NAME)";
				SWIFT_VERSION = 4.2;
				TARGETED_DEVICE_FAMILY = "1,2";
			};
			name = Debug;
		};
		C4B9D5FB21B2806A00515E40 /* Release */ = {
			isa = XCBuildConfiguration;
			baseConfigurationReference = 64628FC7922314EBB0E74393 /* Pods-ripple-app.release.xcconfig */;
			buildSettings = {
				ASSETCATALOG_COMPILER_APPICON_NAME = AppIcon;
				CODE_SIGN_STYLE = Automatic;
				DEVELOPMENT_TEAM = 8FEPG5HWR5;
				INFOPLIST_FILE = "ripple-app/Info.plist";
				IPHONEOS_DEPLOYMENT_TARGET = 11.3;
				LD_RUNPATH_SEARCH_PATHS = (
					"$(inherited)",
					"@executable_path/Frameworks",
				);
				PRODUCT_BUNDLE_IDENTIFIER = com.timothyng.ripple;
				PRODUCT_NAME = "$(TARGET_NAME)";
				SWIFT_VERSION = 4.2;
				TARGETED_DEVICE_FAMILY = "1,2";
			};
			name = Release;
		};
/* End XCBuildConfiguration section */

/* Begin XCConfigurationList section */
		C4B9D5E221B2806900515E40 /* Build configuration list for PBXProject "ripple-app" */ = {
			isa = XCConfigurationList;
			buildConfigurations = (
				C4B9D5F721B2806A00515E40 /* Debug */,
				C4B9D5F821B2806A00515E40 /* Release */,
			);
			defaultConfigurationIsVisible = 0;
			defaultConfigurationName = Release;
		};
		C4B9D5F921B2806A00515E40 /* Build configuration list for PBXNativeTarget "ripple-app" */ = {
			isa = XCConfigurationList;
			buildConfigurations = (
				C4B9D5FA21B2806A00515E40 /* Debug */,
				C4B9D5FB21B2806A00515E40 /* Release */,
			);
			defaultConfigurationIsVisible = 0;
			defaultConfigurationName = Release;
		};
/* End XCConfigurationList section */

/* Begin XCVersionGroup section */
		C4B3861521D304FB00405E4C /* Ripple.xcdatamodeld */ = {
			isa = XCVersionGroup;
			children = (
				C4B3861621D304FB00405E4C /* Ripple.xcdatamodel */,
			);
			currentVersion = C4B3861621D304FB00405E4C /* Ripple.xcdatamodel */;
			path = Ripple.xcdatamodeld;
			sourceTree = "<group>";
			versionGroupType = wrapper.xcdatamodel;
		};
/* End XCVersionGroup section */
	};
	rootObject = C4B9D5DF21B2806900515E40 /* Project object */;
}
